
Microsoft Visual Studio Solution File, Format Version 12.00
# Visual Studio 15
VisualStudioVersion = 15.0.28010.2048
MinimumVisualStudioVersion = 10.0.40219.1
Project("{FAE04EC0-301F-11D3-BF4B-00C04F79EFBC}") = "Temperature converter 2.0", "Temperature converter 2.0\Temperature converter 2.0.csproj", "{EEF2A5AC-F2EC-4B0F-8E6F-05B072D946B2}"
EndProject
Global
	GlobalSection(SolutionConfigurationPlatforms) = preSolution
		Debug|Any CPU = Debug|Any CPU
		Release|Any CPU = Release|Any CPU
	EndGlobalSection
	GlobalSection(ProjectConfigurationPlatforms) = postSolution
		{EEF2A5AC-F2EC-4B0F-8E6F-05B072D946B2}.Debug|Any CPU.ActiveCfg = Debug|Any CPU
		{EEF2A5AC-F2EC-4B0F-8E6F-05B072D946B2}.Debug|Any CPU.Build.0 = Debug|Any CPU
		{EEF2A5AC-F2EC-4B0F-8E6F-05B072D946B2}.Release|Any CPU.ActiveCfg = Release|Any CPU
		{EEF2A5AC-F2EC-4B0F-8E6F-05B072D946B2}.Release|Any CPU.Build.0 = Release|Any CPU
	EndGlobalSection
	GlobalSection(SolutionProperties) = preSolution
		HideSolutionNode = FALSE
	EndGlobalSection
	GlobalSection(ExtensibilityGlobals) = postSolution
		SolutionGuid = {2AADD93E-C9FB-4211-8781-4ED45D6B0B2F}
	EndGlobalSection
EndGlobal
